[[package]]
name = "cc"
version = "1.0.4"
source = "registry+https://github.com/rust-lang/crates.io-index"

[[package]]
name = "cfg-if"
version = "0.1.2"
source = "registry+https://github.com/rust-lang/crates.io-index"

[[package]]
name = "cmake"
version = "0.1.29"
source = "registry+https://github.com/rust-lang/crates.io-index"
dependencies = [
 "cc 1.0.4 (registry+https://github.com/rust-lang/crates.io-index)",
]

[[package]]
name = "futures"
version = "0.1.17"
source = "registry+https://github.com/rust-lang/crates.io-index"

[[package]]
name = "grpcio"
version = "0.2.0"
source = "registry+https://github.com/rust-lang/crates.io-index"
dependencies = [
 "futures 0.1.17 (registry+https://github.com/rust-lang/crates.io-index)",
 "grpcio-sys 0.2.0 (registry+https://github.com/rust-lang/crates.io-index)",
 "libc 0.2.36 (registry+https://github.com/rust-lang/crates.io-index)",
 "log 0.3.9 (registry+https://github.com/rust-lang/crates.io-index)",
 "protobuf 1.4.3 (registry+https://github.com/rust-lang/crates.io-index)",
]

[[package]]
name = "grpcio-sys"
version = "0.2.0"
source = "registry+https://github.com/rust-lang/crates.io-index"
dependencies = [
 "cc 1.0.4 (registry+https://github.com/rust-lang/crates.io-index)",
 "cmake 0.1.29 (registry+https://github.com/rust-lang/crates.io-index)",
 "libc 0.2.36 (registry+https://github.com/rust-lang/crates.io-index)",
 "pkg-config 0.3.9 (registry+https://github.com/rust-lang/crates.io-index)",
]

[[package]]
name = "libc"
version = "0.2.36"
source = "registry+https://github.com/rust-lang/crates.io-index"

[[package]]
name = "log"
version = "0.3.9"
source = "registry+https://github.com/rust-lang/crates.io-index"
dependencies = [
 "log 0.4.1 (registry+https://github.com/rust-lang/crates.io-index)",
]

[[package]]
name = "log"
version = "0.4.1"
source = "registry+https://github.com/rust-lang/crates.io-index"
dependencies = [
 "cfg-if 0.1.2 (registry+https://github.com/rust-lang/crates.io-index)",
]

[[package]]
name = "pkg-config"
version = "0.3.9"
source = "registry+https://github.com/rust-lang/crates.io-index"

[[package]]
name = "protobuf"
version = "1.4.3"
source = "registry+https://github.com/rust-lang/crates.io-index"

[[package]]
name = "zeus"
version = "0.1.0"
dependencies = [
 "futures 0.1.17 (registry+https://github.com/rust-lang/crates.io-index)",
 "grpcio 0.2.0 (registry+https://github.com/rust-lang/crates.io-index)",
 "log 0.3.9 (registry+https://github.com/rust-lang/crates.io-index)",
 "protobuf 1.4.3 (registry+https://github.com/rust-lang/crates.io-index)",
]

[metadata]
"checksum cc 1.0.4 (registry+https://github.com/rust-lang/crates.io-index)" = "deaf9ec656256bb25b404c51ef50097207b9cbb29c933d31f92cae5a8a0ffee0"
"checksum cfg-if 0.1.2 (registry+https://github.com/rust-lang/crates.io-index)" = "d4c819a1287eb618df47cc647173c5c4c66ba19d888a6e50d605672aed3140de"
"checksum cmake 0.1.29 (registry+https://github.com/rust-lang/crates.io-index)" = "56d741ea7a69e577f6d06b36b7dff4738f680593dc27a701ffa8506b73ce28bb"
"checksum futures 0.1.17 (registry+https://github.com/rust-lang/crates.io-index)" = "118b49cac82e04121117cbd3121ede3147e885627d82c4546b87c702debb90c1"
"checksum grpcio 0.2.0 (registry+https://github.com/rust-lang/crates.io-index)" = "473a8a5620d6a58a17f236588c8e5bfb05f4a55a7c406e100a5afe888a923536"
"checksum grpcio-sys 0.2.0 (registry+https://github.com/rust-lang/crates.io-index)" = "8253f10312996bfa7ad164f05ec89d9d5c0d7277c36846379aea7c91daac412a"
"checksum libc 0.2.36 (registry+https://github.com/rust-lang/crates.io-index)" = "1e5d97d6708edaa407429faa671b942dc0f2727222fb6b6539bf1db936e4b121"
"checksum log 0.3.9 (registry+https://github.com/rust-lang/crates.io-index)" = "e19e8d5c34a3e0e2223db8e060f9e8264aeeb5c5fc64a4ee9965c062211c024b"
"checksum log 0.4.1 (registry+https://github.com/rust-lang/crates.io-index)" = "89f010e843f2b1a31dbd316b3b8d443758bc634bed37aabade59c686d644e0a2"
"checksum pkg-config 0.3.9 (registry+https://github.com/rust-lang/crates.io-index)" = "3a8b4c6b8165cd1a1cd4b9b120978131389f64bdaf456435caa41e630edba903"
"checksum protobuf 1.4.3 (registry+https://github.com/rust-lang/crates.io-index)" = "bec26e67194b7d991908145fdf21b7cae8b08423d96dcb9e860cd31f854b9506"
